
Microsoft Visual Studio Solution File, Format Version 12.00
# Visual Studio Version 16
VisualStudioVersion = 16.0.30309.148
MinimumVisualStudioVersion = 10.0.40219.1
Project("{FAE04EC0-301F-11D3-BF4B-00C04F79EFBC}") = "NintendoAchievements", "NintendoAchievements.csproj", "{861CFDD9-9749-48C3-A045-566922A5181D}"
EndProject
Project("{FAE04EC0-301F-11D3-BF4B-00C04F79EFBC}") = "NintendoAchievements.Tests", "..\NintendoAchievements.Tests\NintendoAchievements.Tests.csproj", "{24055AD5-13C8-4DEA-931E-E7BEF23509EE}"
EndProject
Global
	GlobalSection(SolutionConfigurationPlatforms) = preSolution
		Debug|Any CPU = Debug|Any CPU
		Release|Any CPU = Release|Any CPU
	EndGlobalSection
	GlobalSection(ProjectConfigurationPlatforms) = postSolution
		{861CFDD9-9749-48C3-A045-566922A5181D}.Debug|Any CPU.ActiveCfg = Debug|Any CPU
		{861CFDD9-9749-48C3-A045-566922A5181D}.Debug|Any CPU.Build.0 = Debug|Any CPU
		{861CFDD9-9749-48C3-A045-566922A5181D}.Release|Any CPU.ActiveCfg = Release|Any CPU
		{861CFDD9-9749-48C3-A045-566922A5181D}.Release|Any CPU.Build.0 = Release|Any CPU
		{24055AD5-13C8-4DEA-931E-E7BEF23509EE}.Debug|Any CPU.ActiveCfg = Debug|Any CPU
		{24055AD5-13C8-4DEA-931E-E7BEF23509EE}.Debug|Any CPU.Build.0 = Debug|Any CPU
		{24055AD5-13C8-4DEA-931E-E7BEF23509EE}.Release|Any CPU.ActiveCfg = Release|Any CPU
		{24055AD5-13C8-4DEA-931E-E7BEF23509EE}.Release|Any CPU.Build.0 = Release|Any CPU
	EndGlobalSection
	GlobalSection(SolutionProperties) = preSolution
		HideSolutionNode = FALSE
	EndGlobalSection
	GlobalSection(ExtensibilityGlobals) = postSolution
		SolutionGuid = {0789AF62-FED6-41F9-86BB-A730C425DE3D}
	EndGlobalSection
EndGlobal
